<?xml version="1.0" encoding="UTF-8"?>
<Scheme
   LastUpgradeVersion = "1410"
   version = "1.3">
   <BuildAction
      parallelizeBuildables = "YES"
      buildImplicitDependencies = "YES">
      <BuildActionEntries>
         <BuildActionEntry
            buildForTesting = "YES"
            buildForRunning = "YES"
            buildForProfiling = "YES"
            buildForArchiving = "YES"
            buildForAnalyzing = "YES">
            <BuildableReference
               BuildableIdentifier = "primary"
               BlueprintIdentifier = "749743952AB8D275007DBFC7"
               BuildableName = "WeatherApp.app"
               BlueprintName = "WeatherApp"
               ReferencedContainer = "container:WeatherApp.xcodeproj">
            </BuildableReference>
         </BuildActionEntry>
      </BuildActionEntries>
   </BuildAction>
   <TestAction
      buildConfiguration = "Debug"
      selectedDebuggerIdentifier = "Xcode.DebuggerFoundation.Debugger.LLDB"
      selectedLauncherIdentifier = "Xcode.DebuggerFoundation.Launcher.LLDB"
      shouldUseLaunchSchemeArgsEnv = "YES">
      <Testables>
         <TestableReference
            skipped = "NO"
            parallelizable = "YES">
            <BuildableReference
               BuildableIdentifier = "primary"
               BlueprintIdentifier = "749743AB2AB8D278007DBFC7"
               BuildableName = "WeatherAppTests.xctest"
               BlueprintName = "WeatherAppTests"
               ReferencedContainer = "container:WeatherApp.xcodeproj">
            </BuildableReference>
         </TestableReference>
         <TestableReference
            skipped = "NO"
            parallelizable = "YES">
            <BuildableReference
               BuildableIdentifier = "primary"
               BlueprintIdentifier = "749743B52AB8D278007DBFC7"
               BuildableName = "WeatherAppUITests.xctest"
               BlueprintName = "WeatherAppUITests"
               ReferencedContainer = "container:WeatherApp.xcodeproj">
            </BuildableReference>
         </TestableReference>
         <TestableReference
            skipped = "NO"
            parallelizable = "YES">
            <BuildableReference
               BuildableIdentifier = "primary"
               BlueprintIdentifier = "749744112AB8EFE4007DBFC7"
               BuildableName = "WeatherModelTests.xctest"
               BlueprintName = "WeatherModelTests"
               ReferencedContainer = "container:WeatherApp.xcodeproj">
            </BuildableReference>
         </TestableReference>
         <TestableReference
            skipped = "NO"
            parallelizable = "YES">
            <BuildableReference
               BuildableIdentifier = "primary"
               BlueprintIdentifier = "7426A47E2AB8F1FE00DDD53C"
               BuildableName = "WeatherRepositoryInterfaceTests.xctest"
               BlueprintName = "WeatherRepositoryInterfaceTests"
               ReferencedContainer = "container:WeatherApp.xcodeproj">
            </BuildableReference>
         </TestableReference>
         <TestableReference
            skipped = "NO"
            parallelizable = "YES">
            <BuildableReference
               BuildableIdentifier = "primary"
               BlueprintIdentifier = "7426A4A22AB8F44900DDD53C"
               BuildableName = "WeatherRepositoryTests.xctest"
               BlueprintName = "WeatherRepositoryTests"
               ReferencedContainer = "container:WeatherApp.xcodeproj">
            </BuildableReference>
         </TestableReference>
         <TestableReference
            skipped = "NO"
            parallelizable = "YES">
            <BuildableReference
               BuildableIdentifier = "primary"
               BlueprintIdentifier = "7426A4C42AB8F51700DDD53C"
               BuildableName = "WeatherUseCaseInterfaceTests.xctest"
               BlueprintName = "WeatherUseCaseInterfaceTests"
               ReferencedContainer = "container:WeatherApp.xcodeproj">
            </BuildableReference>
         </TestableReference>
         <TestableReference
            skipped = "NO"
            parallelizable = "YES">
            <BuildableReference
               BuildableIdentifier = "primary"
               BlueprintIdentifier = "7426A4E62AB8F5B600DDD53C"
               BuildableName = "WeatherUseCaseTests.xctest"
               BlueprintName = "WeatherUseCaseTests"
               ReferencedContainer = "container:WeatherApp.xcodeproj">
            </BuildableReference>
         </TestableReference>
      </Testables>
   </TestAction>
   <LaunchAction
      buildConfiguration = "Debug"
      selectedDebuggerIdentifier = "Xcode.DebuggerFoundation.Debugger.LLDB"
      selectedLauncherIdentifier = "Xcode.DebuggerFoundation.Launcher.LLDB"
      launchStyle = "0"
      useCustomWorkingDirectory = "NO"
      ignoresPersistentStateOnLaunch = "NO"
      debugDocumentVersioning = "YES"
      debugServiceExtension = "internal"
      allowLocationSimulation = "YES">
      <BuildableProductRunnable
         runnableDebuggingMode = "0">
         <BuildableReference
            BuildableIdentifier = "primary"
            BlueprintIdentifier = "749743952AB8D275007DBFC7"
            BuildableName = "WeatherApp.app"
            BlueprintName = "WeatherApp"
            ReferencedContainer = "container:WeatherApp.xcodeproj">
         </BuildableReference>
      </BuildableProductRunnable>
   </LaunchAction>
   <ProfileAction
      buildConfiguration = "Release"
      shouldUseLaunchSchemeArgsEnv = "YES"
      savedToolIdentifier = ""
      useCustomWorkingDirectory = "NO"
      debugDocumentVersioning = "YES">
      <BuildableProductRunnable
         runnableDebuggingMode = "0">
         <BuildableReference
            BuildableIdentifier = "primary"
            BlueprintIdentifier = "749743952AB8D275007DBFC7"
            BuildableName = "WeatherApp.app"
            BlueprintName = "WeatherApp"
            ReferencedContainer = "container:WeatherApp.xcodeproj">
         </BuildableReference>
      </BuildableProductRunnable>
   </ProfileAction>
   <AnalyzeAction
      buildConfiguration = "Debug">
   </AnalyzeAction>
   <ArchiveAction
      buildConfiguration = "Release"
      revealArchiveInOrganizer = "YES">
   </ArchiveAction>
</Scheme>
