// !$*UTF8*$!
{
	archiveVersion = 1;
	classes = {
	};
	objectVersion = 56;
	objects = {

/* Begin PBXBuildFile section */
		7497439A2AB8D275007DBFC7 /* AppDelegate.swift in Sources */ = {isa = PBXBuildFile; fileRef = 749743992AB8D275007DBFC7 /* AppDelegate.swift */; };
		7497439C2AB8D275007DBFC7 /* SceneDelegate.swift in Sources */ = {isa = PBXBuildFile; fileRef = 7497439B2AB8D275007DBFC7 /* SceneDelegate.swift */; };
		7497439E2AB8D275007DBFC7 /* ForecastViewController.swift in Sources */ = {isa = PBXBuildFile; fileRef = 7497439D2AB8D275007DBFC7 /* ForecastViewController.swift */; };
		749743A12AB8D275007DBFC7 /* Main.storyboard in Resources */ = {isa = PBXBuildFile; fileRef = 7497439F2AB8D275007DBFC7 /* Main.storyboard */; };
		749743A32AB8D278007DBFC7 /* Assets.xcassets in Resources */ = {isa = PBXBuildFile; fileRef = 749743A22AB8D278007DBFC7 /* Assets.xcassets */; };
		749743D42AB8DF4E007DBFC7 /* ForecastInteractor.swift in Sources */ = {isa = PBXBuildFile; fileRef = 749743D32AB8DF4E007DBFC7 /* ForecastInteractor.swift */; };
		749743D72AB8E1A4007DBFC7 /* ForecastPresenter.swift in Sources */ = {isa = PBXBuildFile; fileRef = 749743D62AB8E1A4007DBFC7 /* ForecastPresenter.swift */; };
		749743D92AB8E449007DBFC7 /* ForecastConfigurator.swift in Sources */ = {isa = PBXBuildFile; fileRef = 749743D82AB8E449007DBFC7 /* ForecastConfigurator.swift */; };
		74AF1D352ABA1D18008960DD /* ForecastRepositoryProtocolSpy.swift in Sources */ = {isa = PBXBuildFile; fileRef = 74AF1D342ABA1D18008960DD /* ForecastRepositoryProtocolSpy.swift */; };
		74AF1D392ABA1DB2008960DD /* GetForecastUseCaseSpy.swift in Sources */ = {isa = PBXBuildFile; fileRef = 74AF1D382ABA1DB2008960DD /* GetForecastUseCaseSpy.swift */; };
		74AF1D3B2ABA1E1C008960DD /* GetForecastTests.swift in Sources */ = {isa = PBXBuildFile; fileRef = 74AF1D3A2ABA1E1C008960DD /* GetForecastTests.swift */; };
		74AF1D3F2ABA2904008960DD /* ForecastInteractorSpy.swift in Sources */ = {isa = PBXBuildFile; fileRef = 74AF1D3E2ABA2904008960DD /* ForecastInteractorSpy.swift */; };
		74AF1D412ABA29A0008960DD /* ForecastPresentationLogicSpy.swift in Sources */ = {isa = PBXBuildFile; fileRef = 74AF1D402ABA29A0008960DD /* ForecastPresentationLogicSpy.swift */; };
		74AF1D432ABA2A5E008960DD /* ForecastDisplayLogicSpy.swift in Sources */ = {isa = PBXBuildFile; fileRef = 74AF1D422ABA2A5E008960DD /* ForecastDisplayLogicSpy.swift */; };
		74AF1D452ABA2B06008960DD /* ForecastInteractorTests.swift in Sources */ = {isa = PBXBuildFile; fileRef = 74AF1D442ABA2B06008960DD /* ForecastInteractorTests.swift */; };
		74AF1D472ABA2CFD008960DD /* ForecastPresenterTests.swift in Sources */ = {isa = PBXBuildFile; fileRef = 74AF1D462ABA2CFD008960DD /* ForecastPresenterTests.swift */; };
		74C12B7C2ABA0B1F0030DC71 /* ForecastModel.swift in Sources */ = {isa = PBXBuildFile; fileRef = 749744272AB8EFF6007DBFC7 /* ForecastModel.swift */; };
		74C12B7D2ABA0B250030DC71 /* ForecastRepository.swift in Sources */ = {isa = PBXBuildFile; fileRef = 7426A4B72AB8F46700DDD53C /* ForecastRepository.swift */; };
		74C12B7E2ABA0B2A0030DC71 /* ForecastRepositoryProtocol.swift in Sources */ = {isa = PBXBuildFile; fileRef = 7426A4952AB8F28000DDD53C /* ForecastRepositoryProtocol.swift */; };
		74C12B7F2ABA0B2F0030DC71 /* GetForecastUseCase.swift in Sources */ = {isa = PBXBuildFile; fileRef = 7426A4D92AB8F53B00DDD53C /* GetForecastUseCase.swift */; };
		74C12B802ABA0B320030DC71 /* GetForecast.swift in Sources */ = {isa = PBXBuildFile; fileRef = 7426A4FB2AB8F5CA00DDD53C /* GetForecast.swift */; };
/* End PBXBuildFile section */

/* Begin PBXContainerItemProxy section */
		749743AD2AB8D278007DBFC7 /* PBXContainerItemProxy */ = {
			isa = PBXContainerItemProxy;
			containerPortal = 7497438E2AB8D275007DBFC7 /* Project object */;
			proxyType = 1;
			remoteGlobalIDString = 749743952AB8D275007DBFC7;
			remoteInfo = WeatherApp;
		};
/* End PBXContainerItemProxy section */

/* Begin PBXCopyFilesBuildPhase section */
		749744202AB8EFE4007DBFC7 /* Embed Frameworks */ = {
			isa = PBXCopyFilesBuildPhase;
			buildActionMask = 2147483647;
			dstPath = "";
			dstSubfolderSpec = 10;
			files = (
			);
			name = "Embed Frameworks";
			runOnlyForDeploymentPostprocessing = 0;
		};
/* End PBXCopyFilesBuildPhase section */

/* Begin PBXFileReference section */
		7426A4952AB8F28000DDD53C /* ForecastRepositoryProtocol.swift */ = {isa = PBXFileReference; lastKnownFileType = sourcecode.swift; path = ForecastRepositoryProtocol.swift; sourceTree = "<group>"; };
		7426A4B72AB8F46700DDD53C /* ForecastRepository.swift */ = {isa = PBXFileReference; lastKnownFileType = sourcecode.swift; path = ForecastRepository.swift; sourceTree = "<group>"; };
		7426A4D92AB8F53B00DDD53C /* GetForecastUseCase.swift */ = {isa = PBXFileReference; lastKnownFileType = sourcecode.swift; path = GetForecastUseCase.swift; sourceTree = "<group>"; };
		7426A4FB2AB8F5CA00DDD53C /* GetForecast.swift */ = {isa = PBXFileReference; lastKnownFileType = sourcecode.swift; path = GetForecast.swift; sourceTree = "<group>"; };
		749743962AB8D275007DBFC7 /* WeatherApp.app */ = {isa = PBXFileReference; explicitFileType = wrapper.application; includeInIndex = 0; path = WeatherApp.app; sourceTree = BUILT_PRODUCTS_DIR; };
		749743992AB8D275007DBFC7 /* AppDelegate.swift */ = {isa = PBXFileReference; lastKnownFileType = sourcecode.swift; path = AppDelegate.swift; sourceTree = "<group>"; };
		7497439B2AB8D275007DBFC7 /* SceneDelegate.swift */ = {isa = PBXFileReference; lastKnownFileType = sourcecode.swift; path = SceneDelegate.swift; sourceTree = "<group>"; };
		7497439D2AB8D275007DBFC7 /* ForecastViewController.swift */ = {isa = PBXFileReference; lastKnownFileType = sourcecode.swift; path = ForecastViewController.swift; sourceTree = "<group>"; };
		749743A02AB8D275007DBFC7 /* Base */ = {isa = PBXFileReference; lastKnownFileType = file.storyboard; name = Base; path = Base.lproj/Main.storyboard; sourceTree = "<group>"; };
		749743A22AB8D278007DBFC7 /* Assets.xcassets */ = {isa = PBXFileReference; lastKnownFileType = folder.assetcatalog; path = Assets.xcassets; sourceTree = "<group>"; };
		749743A72AB8D278007DBFC7 /* Info.plist */ = {isa = PBXFileReference; lastKnownFileType = text.plist.xml; path = Info.plist; sourceTree = "<group>"; };
		749743AC2AB8D278007DBFC7 /* WeatherAppTests.xctest */ = {isa = PBXFileReference; explicitFileType = wrapper.cfbundle; includeInIndex = 0; path = WeatherAppTests.xctest; sourceTree = BUILT_PRODUCTS_DIR; };
		749743D32AB8DF4E007DBFC7 /* ForecastInteractor.swift */ = {isa = PBXFileReference; lastKnownFileType = sourcecode.swift; path = ForecastInteractor.swift; sourceTree = "<group>"; };
		749743D62AB8E1A4007DBFC7 /* ForecastPresenter.swift */ = {isa = PBXFileReference; lastKnownFileType = sourcecode.swift; path = ForecastPresenter.swift; sourceTree = "<group>"; };
		749743D82AB8E449007DBFC7 /* ForecastConfigurator.swift */ = {isa = PBXFileReference; lastKnownFileType = sourcecode.swift; path = ForecastConfigurator.swift; sourceTree = "<group>"; };
		749744272AB8EFF6007DBFC7 /* ForecastModel.swift */ = {isa = PBXFileReference; lastKnownFileType = sourcecode.swift; path = ForecastModel.swift; sourceTree = "<group>"; };
		74AF1D342ABA1D18008960DD /* ForecastRepositoryProtocolSpy.swift */ = {isa = PBXFileReference; lastKnownFileType = sourcecode.swift; path = ForecastRepositoryProtocolSpy.swift; sourceTree = "<group>"; };
		74AF1D382ABA1DB2008960DD /* GetForecastUseCaseSpy.swift */ = {isa = PBXFileReference; lastKnownFileType = sourcecode.swift; path = GetForecastUseCaseSpy.swift; sourceTree = "<group>"; };
		74AF1D3A2ABA1E1C008960DD /* GetForecastTests.swift */ = {isa = PBXFileReference; lastKnownFileType = sourcecode.swift; path = GetForecastTests.swift; sourceTree = "<group>"; };
		74AF1D3E2ABA2904008960DD /* ForecastInteractorSpy.swift */ = {isa = PBXFileReference; lastKnownFileType = sourcecode.swift; path = ForecastInteractorSpy.swift; sourceTree = "<group>"; };
		74AF1D402ABA29A0008960DD /* ForecastPresentationLogicSpy.swift */ = {isa = PBXFileReference; lastKnownFileType = sourcecode.swift; path = ForecastPresentationLogicSpy.swift; sourceTree = "<group>"; };
		74AF1D422ABA2A5E008960DD /* ForecastDisplayLogicSpy.swift */ = {isa = PBXFileReference; lastKnownFileType = sourcecode.swift; path = ForecastDisplayLogicSpy.swift; sourceTree = "<group>"; };
		74AF1D442ABA2B06008960DD /* ForecastInteractorTests.swift */ = {isa = PBXFileReference; lastKnownFileType = sourcecode.swift; path = ForecastInteractorTests.swift; sourceTree = "<group>"; };
		74AF1D462ABA2CFD008960DD /* ForecastPresenterTests.swift */ = {isa = PBXFileReference; lastKnownFileType = sourcecode.swift; path = ForecastPresenterTests.swift; sourceTree = "<group>"; };
/* End PBXFileReference section */

/* Begin PBXFrameworksBuildPhase section */
		749743932AB8D275007DBFC7 /* Frameworks */ = {
			isa = PBXFrameworksBuildPhase;
			buildActionMask = 2147483647;
			files = (
			);
			runOnlyForDeploymentPostprocessing = 0;
		};
		749743A92AB8D278007DBFC7 /* Frameworks */ = {
			isa = PBXFrameworksBuildPhase;
			buildActionMask = 2147483647;
			files = (
			);
			runOnlyForDeploymentPostprocessing = 0;
		};
/* End PBXFrameworksBuildPhase section */

/* Begin PBXGroup section */
		7497438D2AB8D275007DBFC7 = {
			isa = PBXGroup;
			children = (
				74FD7FB32ABA0C2500941232 /* Setup */,
				749743982AB8D275007DBFC7 /* WeatherApp */,
				749743AF2AB8D278007DBFC7 /* WeatherAppTests */,
				749743972AB8D275007DBFC7 /* Products */,
			);
			sourceTree = "<group>";
		};
		749743972AB8D275007DBFC7 /* Products */ = {
			isa = PBXGroup;
			children = (
				749743962AB8D275007DBFC7 /* WeatherApp.app */,
				749743AC2AB8D278007DBFC7 /* WeatherAppTests.xctest */,
			);
			name = Products;
			sourceTree = "<group>";
		};
		749743982AB8D275007DBFC7 /* WeatherApp */ = {
			isa = PBXGroup;
			children = (
				74C12B7B2ABA0A790030DC71 /* Model */,
				74C12B792ABA0A4F0030DC71 /* Repository */,
				74C12B772ABA0A290030DC71 /* UseCase */,
				749743D22AB8DF33007DBFC7 /* Presentation */,
				749743A72AB8D278007DBFC7 /* Info.plist */,
			);
			path = WeatherApp;
			sourceTree = "<group>";
		};
		749743AF2AB8D278007DBFC7 /* WeatherAppTests */ = {
			isa = PBXGroup;
			children = (
				74AF1D3C2ABA28B2008960DD /* Presentation */,
				74AF1D362ABA1D90008960DD /* UseCase */,
				74AF1D322ABA1CE2008960DD /* Repository */,
			);
			path = WeatherAppTests;
			sourceTree = "<group>";
		};
		749743D22AB8DF33007DBFC7 /* Presentation */ = {
			isa = PBXGroup;
			children = (
				749743D52AB8E16A007DBFC7 /* Forecast */,
			);
			path = Presentation;
			sourceTree = "<group>";
		};
		749743D52AB8E16A007DBFC7 /* Forecast */ = {
			isa = PBXGroup;
			children = (
				749743D32AB8DF4E007DBFC7 /* ForecastInteractor.swift */,
				7497439D2AB8D275007DBFC7 /* ForecastViewController.swift */,
				749743D62AB8E1A4007DBFC7 /* ForecastPresenter.swift */,
				749743D82AB8E449007DBFC7 /* ForecastConfigurator.swift */,
			);
			path = Forecast;
			sourceTree = "<group>";
		};
		74AF1D322ABA1CE2008960DD /* Repository */ = {
			isa = PBXGroup;
			children = (
				74AF1D332ABA1CF1008960DD /* Spies */,
			);
			path = Repository;
			sourceTree = "<group>";
		};
		74AF1D332ABA1CF1008960DD /* Spies */ = {
			isa = PBXGroup;
			children = (
				74AF1D342ABA1D18008960DD /* ForecastRepositoryProtocolSpy.swift */,
			);
			path = Spies;
			sourceTree = "<group>";
		};
		74AF1D362ABA1D90008960DD /* UseCase */ = {
			isa = PBXGroup;
			children = (
				74AF1D372ABA1D9D008960DD /* Spies */,
				74AF1D3A2ABA1E1C008960DD /* GetForecastTests.swift */,
			);
			path = UseCase;
			sourceTree = "<group>";
		};
		74AF1D372ABA1D9D008960DD /* Spies */ = {
			isa = PBXGroup;
			children = (
				74AF1D382ABA1DB2008960DD /* GetForecastUseCaseSpy.swift */,
			);
			path = Spies;
			sourceTree = "<group>";
		};
		74AF1D3C2ABA28B2008960DD /* Presentation */ = {
			isa = PBXGroup;
			children = (
				74AF1D442ABA2B06008960DD /* ForecastInteractorTests.swift */,
				74AF1D462ABA2CFD008960DD /* ForecastPresenterTests.swift */,
				74AF1D3D2ABA28C8008960DD /* Spies */,
			);
			path = Presentation;
			sourceTree = "<group>";
		};
		74AF1D3D2ABA28C8008960DD /* Spies */ = {
			isa = PBXGroup;
			children = (
				74AF1D3E2ABA2904008960DD /* ForecastInteractorSpy.swift */,
				74AF1D402ABA29A0008960DD /* ForecastPresentationLogicSpy.swift */,
				74AF1D422ABA2A5E008960DD /* ForecastDisplayLogicSpy.swift */,
			);
			path = Spies;
			sourceTree = "<group>";
		};
		74C12B772ABA0A290030DC71 /* UseCase */ = {
			isa = PBXGroup;
			children = (
				7426A4D92AB8F53B00DDD53C /* GetForecastUseCase.swift */,
				7426A4FB2AB8F5CA00DDD53C /* GetForecast.swift */,
			);
			path = UseCase;
			sourceTree = "<group>";
		};
		74C12B792ABA0A4F0030DC71 /* Repository */ = {
			isa = PBXGroup;
			children = (
				7426A4B72AB8F46700DDD53C /* ForecastRepository.swift */,
				7426A4952AB8F28000DDD53C /* ForecastRepositoryProtocol.swift */,
			);
			path = Repository;
			sourceTree = "<group>";
		};
		74C12B7B2ABA0A790030DC71 /* Model */ = {
			isa = PBXGroup;
			children = (
				749744272AB8EFF6007DBFC7 /* ForecastModel.swift */,
			);
			path = Model;
			sourceTree = "<group>";
		};
		74FD7FB32ABA0C2500941232 /* Setup */ = {
			isa = PBXGroup;
			children = (
				749743A22AB8D278007DBFC7 /* Assets.xcassets */,
				7497439F2AB8D275007DBFC7 /* Main.storyboard */,
				749743992AB8D275007DBFC7 /* AppDelegate.swift */,
				7497439B2AB8D275007DBFC7 /* SceneDelegate.swift */,
			);
			path = Setup;
			sourceTree = "<group>";
		};
/* End PBXGroup section */

/* Begin PBXNativeTarget section */
		749743952AB8D275007DBFC7 /* WeatherApp */ = {
			isa = PBXNativeTarget;
			buildConfigurationList = 749743C02AB8D278007DBFC7 /* Build configuration list for PBXNativeTarget "WeatherApp" */;
			buildPhases = (
				749743922AB8D275007DBFC7 /* Sources */,
				749743932AB8D275007DBFC7 /* Frameworks */,
				749743942AB8D275007DBFC7 /* Resources */,
				749744202AB8EFE4007DBFC7 /* Embed Frameworks */,
			);
			buildRules = (
			);
			dependencies = (
			);
			name = WeatherApp;
			productName = WeatherApp;
			productReference = 749743962AB8D275007DBFC7 /* WeatherApp.app */;
			productType = "com.apple.product-type.application";
		};
		749743AB2AB8D278007DBFC7 /* WeatherAppTests */ = {
			isa = PBXNativeTarget;
			buildConfigurationList = 749743C32AB8D278007DBFC7 /* Build configuration list for PBXNativeTarget "WeatherAppTests" */;
			buildPhases = (
				749743A82AB8D278007DBFC7 /* Sources */,
				749743A92AB8D278007DBFC7 /* Frameworks */,
				749743AA2AB8D278007DBFC7 /* Resources */,
			);
			buildRules = (
			);
			dependencies = (
				749743AE2AB8D278007DBFC7 /* PBXTargetDependency */,
			);
			name = WeatherAppTests;
			productName = WeatherAppTests;
			productReference = 749743AC2AB8D278007DBFC7 /* WeatherAppTests.xctest */;
			productType = "com.apple.product-type.bundle.unit-test";
		};
/* End PBXNativeTarget section */

/* Begin PBXProject section */
		7497438E2AB8D275007DBFC7 /* Project object */ = {
			isa = PBXProject;
			attributes = {
				BuildIndependentTargetsInParallel = 1;
				LastSwiftUpdateCheck = 1410;
				LastUpgradeCheck = 1410;
				TargetAttributes = {
					749743952AB8D275007DBFC7 = {
						CreatedOnToolsVersion = 14.1;
					};
					749743AB2AB8D278007DBFC7 = {
						CreatedOnToolsVersion = 14.1;
						TestTargetID = 749743952AB8D275007DBFC7;
					};
				};
			};
			buildConfigurationList = 749743912AB8D275007DBFC7 /* Build configuration list for PBXProject "WeatherApp" */;
			compatibilityVersion = "Xcode 14.0";
			developmentRegion = en;
			hasScannedForEncodings = 0;
			knownRegions = (
				en,
				Base,
			);
			mainGroup = 7497438D2AB8D275007DBFC7;
			productRefGroup = 749743972AB8D275007DBFC7 /* Products */;
			projectDirPath = "";
			projectRoot = "";
			targets = (
				749743952AB8D275007DBFC7 /* WeatherApp */,
				749743AB2AB8D278007DBFC7 /* WeatherAppTests */,
			);
		};
/* End PBXProject section */

/* Begin PBXResourcesBuildPhase section */
		749743942AB8D275007DBFC7 /* Resources */ = {
			isa = PBXResourcesBuildPhase;
			buildActionMask = 2147483647;
			files = (
				749743A32AB8D278007DBFC7 /* Assets.xcassets in Resources */,
				749743A12AB8D275007DBFC7 /* Main.storyboard in Resources */,
			);
			runOnlyForDeploymentPostprocessing = 0;
		};
		749743AA2AB8D278007DBFC7 /* Resources */ = {
			isa = PBXResourcesBuildPhase;
			buildActionMask = 2147483647;
			files = (
			);
			runOnlyForDeploymentPostprocessing = 0;
		};
/* End PBXResourcesBuildPhase section */

/* Begin PBXSourcesBuildPhase section */
		749743922AB8D275007DBFC7 /* Sources */ = {
			isa = PBXSourcesBuildPhase;
			buildActionMask = 2147483647;
			files = (
				7497439E2AB8D275007DBFC7 /* ForecastViewController.swift in Sources */,
				74C12B7F2ABA0B2F0030DC71 /* GetForecastUseCase.swift in Sources */,
				749743D72AB8E1A4007DBFC7 /* ForecastPresenter.swift in Sources */,
				74C12B7D2ABA0B250030DC71 /* ForecastRepository.swift in Sources */,
				7497439A2AB8D275007DBFC7 /* AppDelegate.swift in Sources */,
				749743D92AB8E449007DBFC7 /* ForecastConfigurator.swift in Sources */,
				749743D42AB8DF4E007DBFC7 /* ForecastInteractor.swift in Sources */,
				7497439C2AB8D275007DBFC7 /* SceneDelegate.swift in Sources */,
				74C12B7E2ABA0B2A0030DC71 /* ForecastRepositoryProtocol.swift in Sources */,
				74C12B7C2ABA0B1F0030DC71 /* ForecastModel.swift in Sources */,
				74C12B802ABA0B320030DC71 /* GetForecast.swift in Sources */,
			);
			runOnlyForDeploymentPostprocessing = 0;
		};
		749743A82AB8D278007DBFC7 /* Sources */ = {
			isa = PBXSourcesBuildPhase;
			buildActionMask = 2147483647;
			files = (
				74AF1D412ABA29A0008960DD /* ForecastPresentationLogicSpy.swift in Sources */,
				74AF1D392ABA1DB2008960DD /* GetForecastUseCaseSpy.swift in Sources */,
				74AF1D432ABA2A5E008960DD /* ForecastDisplayLogicSpy.swift in Sources */,
				74AF1D352ABA1D18008960DD /* ForecastRepositoryProtocolSpy.swift in Sources */,
				74AF1D452ABA2B06008960DD /* ForecastInteractorTests.swift in Sources */,
				74AF1D3B2ABA1E1C008960DD /* GetForecastTests.swift in Sources */,
				74AF1D472ABA2CFD008960DD /* ForecastPresenterTests.swift in Sources */,
				74AF1D3F2ABA2904008960DD /* ForecastInteractorSpy.swift in Sources */,
			);
			runOnlyForDeploymentPostprocessing = 0;
		};
/* End PBXSourcesBuildPhase section */

/* Begin PBXTargetDependency section */
		749743AE2AB8D278007DBFC7 /* PBXTargetDependency */ = {
			isa = PBXTargetDependency;
			target = 749743952AB8D275007DBFC7 /* WeatherApp */;
			targetProxy = 749743AD2AB8D278007DBFC7 /* PBXContainerItemProxy */;
		};
/* End PBXTargetDependency section */

/* Begin PBXVariantGroup section */
		7497439F2AB8D275007DBFC7 /* Main.storyboard */ = {
			isa = PBXVariantGroup;
			children = (
				749743A02AB8D275007DBFC7 /* Base */,
			);
			name = Main.storyboard;
			sourceTree = "<group>";
		};
/* End PBXVariantGroup section */

/* Begin XCBuildConfiguration section */
		749743BE2AB8D278007DBFC7 /* Debug */ = {
			isa = XCBuildConfiguration;
			buildSettings = {
				ALWAYS_SEARCH_USER_PATHS = NO;
				CLANG_ANALYZER_NONNULL = YES;
				CLANG_ANALYZER_NUMBER_OBJECT_CONVERSION = YES_AGGRESSIVE;
				CLANG_CXX_LANGUAGE_STANDARD = "gnu++20";
				CLANG_ENABLE_MODULES = YES;
				CLANG_ENABLE_OBJC_ARC = YES;
				CLANG_ENABLE_OBJC_WEAK = YES;
				CLANG_WARN_BLOCK_CAPTURE_AUTORELEASING = YES;
				CLANG_WARN_BOOL_CONVERSION = YES;
				CLANG_WARN_COMMA = YES;
				CLANG_WARN_CONSTANT_CONVERSION = YES;
				CLANG_WARN_DEPRECATED_OBJC_IMPLEMENTATIONS = YES;
				CLANG_WARN_DIRECT_OBJC_ISA_USAGE = YES_ERROR;
				CLANG_WARN_DOCUMENTATION_COMMENTS = YES;
				CLANG_WARN_EMPTY_BODY = YES;
				CLANG_WARN_ENUM_CONVERSION = YES;
				CLANG_WARN_INFINITE_RECURSION = YES;
				CLANG_WARN_INT_CONVERSION = YES;
				CLANG_WARN_NON_LITERAL_NULL_CONVERSION = YES;
				CLANG_WARN_OBJC_IMPLICIT_RETAIN_SELF = YES;
				CLANG_WARN_OBJC_LITERAL_CONVERSION = YES;
				CLANG_WARN_OBJC_ROOT_CLASS = YES_ERROR;
				CLANG_WARN_QUOTED_INCLUDE_IN_FRAMEWORK_HEADER = YES;
				CLANG_WARN_RANGE_LOOP_ANALYSIS = YES;
				CLANG_WARN_STRICT_PROTOTYPES = YES;
				CLANG_WARN_SUSPICIOUS_MOVE = YES;
				CLANG_WARN_UNGUARDED_AVAILABILITY = YES_AGGRESSIVE;
				CLANG_WARN_UNREACHABLE_CODE = YES;
				CLANG_WARN__DUPLICATE_METHOD_MATCH = YES;
				COPY_PHASE_STRIP = NO;
				DEBUG_INFORMATION_FORMAT = dwarf;
				ENABLE_STRICT_OBJC_MSGSEND = YES;
				ENABLE_TESTABILITY = YES;
				GCC_C_LANGUAGE_STANDARD = gnu11;
				GCC_DYNAMIC_NO_PIC = NO;
				GCC_NO_COMMON_BLOCKS = YES;
				GCC_OPTIMIZATION_LEVEL = 0;
				GCC_PREPROCESSOR_DEFINITIONS = (
					"DEBUG=1",
					"$(inherited)",
				);
				GCC_WARN_64_TO_32_BIT_CONVERSION = YES;
				GCC_WARN_ABOUT_RETURN_TYPE = YES_ERROR;
				GCC_WARN_UNDECLARED_SELECTOR = YES;
				GCC_WARN_UNINITIALIZED_AUTOS = YES_AGGRESSIVE;
				GCC_WARN_UNUSED_FUNCTION = YES;
				GCC_WARN_UNUSED_VARIABLE = YES;
				IPHONEOS_DEPLOYMENT_TARGET = 16.1;
				MTL_ENABLE_DEBUG_INFO = INCLUDE_SOURCE;
				MTL_FAST_MATH = YES;
				ONLY_ACTIVE_ARCH = YES;
				SDKROOT = iphoneos;
				SWIFT_ACTIVE_COMPILATION_CONDITIONS = DEBUG;
				SWIFT_OPTIMIZATION_LEVEL = "-Onone";
			};
			name = Debug;
		};
		749743BF2AB8D278007DBFC7 /* Release */ = {
			isa = XCBuildConfiguration;
			buildSettings = {
				ALWAYS_SEARCH_USER_PATHS = NO;
				CLANG_ANALYZER_NONNULL = YES;
				CLANG_ANALYZER_NUMBER_OBJECT_CONVERSION = YES_AGGRESSIVE;
				CLANG_CXX_LANGUAGE_STANDARD = "gnu++20";
				CLANG_ENABLE_MODULES = YES;
				CLANG_ENABLE_OBJC_ARC = YES;
				CLANG_ENABLE_OBJC_WEAK = YES;
				CLANG_WARN_BLOCK_CAPTURE_AUTORELEASING = YES;
				CLANG_WARN_BOOL_CONVERSION = YES;
				CLANG_WARN_COMMA = YES;
				CLANG_WARN_CONSTANT_CONVERSION = YES;
				CLANG_WARN_DEPRECATED_OBJC_IMPLEMENTATIONS = YES;
				CLANG_WARN_DIRECT_OBJC_ISA_USAGE = YES_ERROR;
				CLANG_WARN_DOCUMENTATION_COMMENTS = YES;
				CLANG_WARN_EMPTY_BODY = YES;
				CLANG_WARN_ENUM_CONVERSION = YES;
				CLANG_WARN_INFINITE_RECURSION = YES;
				CLANG_WARN_INT_CONVERSION = YES;
				CLANG_WARN_NON_LITERAL_NULL_CONVERSION = YES;
				CLANG_WARN_OBJC_IMPLICIT_RETAIN_SELF = YES;
				CLANG_WARN_OBJC_LITERAL_CONVERSION = YES;
				CLANG_WARN_OBJC_ROOT_CLASS = YES_ERROR;
				CLANG_WARN_QUOTED_INCLUDE_IN_FRAMEWORK_HEADER = YES;
				CLANG_WARN_RANGE_LOOP_ANALYSIS = YES;
				CLANG_WARN_STRICT_PROTOTYPES = YES;
				CLANG_WARN_SUSPICIOUS_MOVE = YES;
				CLANG_WARN_UNGUARDED_AVAILABILITY = YES_AGGRESSIVE;
				CLANG_WARN_UNREACHABLE_CODE = YES;
				CLANG_WARN__DUPLICATE_METHOD_MATCH = YES;
				COPY_PHASE_STRIP = NO;
				DEBUG_INFORMATION_FORMAT = "dwarf-with-dsym";
				ENABLE_NS_ASSERTIONS = NO;
				ENABLE_STRICT_OBJC_MSGSEND = YES;
				GCC_C_LANGUAGE_STANDARD = gnu11;
				GCC_NO_COMMON_BLOCKS = YES;
				GCC_WARN_64_TO_32_BIT_CONVERSION = YES;
				GCC_WARN_ABOUT_RETURN_TYPE = YES_ERROR;
				GCC_WARN_UNDECLARED_SELECTOR = YES;
				GCC_WARN_UNINITIALIZED_AUTOS = YES_AGGRESSIVE;
				GCC_WARN_UNUSED_FUNCTION = YES;
				GCC_WARN_UNUSED_VARIABLE = YES;
				IPHONEOS_DEPLOYMENT_TARGET = 16.1;
				MTL_ENABLE_DEBUG_INFO = NO;
				MTL_FAST_MATH = YES;
				SDKROOT = iphoneos;
				SWIFT_COMPILATION_MODE = wholemodule;
				SWIFT_OPTIMIZATION_LEVEL = "-O";
				VALIDATE_PRODUCT = YES;
			};
			name = Release;
		};
		749743C12AB8D278007DBFC7 /* Debug */ = {
			isa = XCBuildConfiguration;
			buildSettings = {
				ASSETCATALOG_COMPILER_APPICON_NAME = AppIcon;
				ASSETCATALOG_COMPILER_GLOBAL_ACCENT_COLOR_NAME = AccentColor;
				CODE_SIGN_STYLE = Automatic;
				CURRENT_PROJECT_VERSION = 1;
				DEVELOPMENT_TEAM = 3AM876BCDB;
				GENERATE_INFOPLIST_FILE = YES;
				INFOPLIST_FILE = WeatherApp/Info.plist;
				INFOPLIST_KEY_UIApplicationSupportsIndirectInputEvents = YES;
				INFOPLIST_KEY_UILaunchStoryboardName = LaunchScreen;
				INFOPLIST_KEY_UIMainStoryboardFile = Main;
				INFOPLIST_KEY_UISupportedInterfaceOrientations_iPad = "UIInterfaceOrientationPortrait UIInterfaceOrientationPortraitUpsideDown UIInterfaceOrientationLandscapeLeft UIInterfaceOrientationLandscapeRight";
				INFOPLIST_KEY_UISupportedInterfaceOrientations_iPhone = "UIInterfaceOrientationPortrait UIInterfaceOrientationLandscapeLeft UIInterfaceOrientationLandscapeRight";
				LD_RUNPATH_SEARCH_PATHS = (
					"$(inherited)",
					"@executable_path/Frameworks",
				);
				MARKETING_VERSION = 1.0;
				PRODUCT_BUNDLE_IDENTIFIER = com.douglasfers.WeatherApp;
				PRODUCT_NAME = "$(TARGET_NAME)";
				SWIFT_EMIT_LOC_STRINGS = YES;
				SWIFT_VERSION = 5.0;
				TARGETED_DEVICE_FAMILY = "1,2";
			};
			name = Debug;
		};
		749743C22AB8D278007DBFC7 /* Release */ = {
			isa = XCBuildConfiguration;
			buildSettings = {
				ASSETCATALOG_COMPILER_APPICON_NAME = AppIcon;
				ASSETCATALOG_COMPILER_GLOBAL_ACCENT_COLOR_NAME = AccentColor;
				CODE_SIGN_STYLE = Automatic;
				CURRENT_PROJECT_VERSION = 1;
				DEVELOPMENT_TEAM = 3AM876BCDB;
				GENERATE_INFOPLIST_FILE = YES;
				INFOPLIST_FILE = WeatherApp/Info.plist;
				INFOPLIST_KEY_UIApplicationSupportsIndirectInputEvents = YES;
				INFOPLIST_KEY_UILaunchStoryboardName = LaunchScreen;
				INFOPLIST_KEY_UIMainStoryboardFile = Main;
				INFOPLIST_KEY_UISupportedInterfaceOrientations_iPad = "UIInterfaceOrientationPortrait UIInterfaceOrientationPortraitUpsideDown UIInterfaceOrientationLandscapeLeft UIInterfaceOrientationLandscapeRight";
				INFOPLIST_KEY_UISupportedInterfaceOrientations_iPhone = "UIInterfaceOrientationPortrait UIInterfaceOrientationLandscapeLeft UIInterfaceOrientationLandscapeRight";
				LD_RUNPATH_SEARCH_PATHS = (
					"$(inherited)",
					"@executable_path/Frameworks",
				);
				MARKETING_VERSION = 1.0;
				PRODUCT_BUNDLE_IDENTIFIER = com.douglasfers.WeatherApp;
				PRODUCT_NAME = "$(TARGET_NAME)";
				SWIFT_EMIT_LOC_STRINGS = YES;
				SWIFT_VERSION = 5.0;
				TARGETED_DEVICE_FAMILY = "1,2";
			};
			name = Release;
		};
		749743C42AB8D278007DBFC7 /* Debug */ = {
			isa = XCBuildConfiguration;
			buildSettings = {
				ALWAYS_EMBED_SWIFT_STANDARD_LIBRARIES = YES;
				BUNDLE_LOADER = "$(TEST_HOST)";
				CODE_SIGN_STYLE = Automatic;
				CURRENT_PROJECT_VERSION = 1;
				DEVELOPMENT_TEAM = 3AM876BCDB;
				GENERATE_INFOPLIST_FILE = YES;
				IPHONEOS_DEPLOYMENT_TARGET = 16.1;
				MARKETING_VERSION = 1.0;
				PRODUCT_BUNDLE_IDENTIFIER = com.douglasfers.WeatherAppTests;
				PRODUCT_NAME = "$(TARGET_NAME)";
				SWIFT_EMIT_LOC_STRINGS = NO;
				SWIFT_VERSION = 5.0;
				TARGETED_DEVICE_FAMILY = "1,2";
				TEST_HOST = "$(BUILT_PRODUCTS_DIR)/WeatherApp.app/$(BUNDLE_EXECUTABLE_FOLDER_PATH)/WeatherApp";
			};
			name = Debug;
		};
		749743C52AB8D278007DBFC7 /* Release */ = {
			isa = XCBuildConfiguration;
			buildSettings = {
				ALWAYS_EMBED_SWIFT_STANDARD_LIBRARIES = YES;
				BUNDLE_LOADER = "$(TEST_HOST)";
				CODE_SIGN_STYLE = Automatic;
				CURRENT_PROJECT_VERSION = 1;
				DEVELOPMENT_TEAM = 3AM876BCDB;
				GENERATE_INFOPLIST_FILE = YES;
				IPHONEOS_DEPLOYMENT_TARGET = 16.1;
				MARKETING_VERSION = 1.0;
				PRODUCT_BUNDLE_IDENTIFIER = com.douglasfers.WeatherAppTests;
				PRODUCT_NAME = "$(TARGET_NAME)";
				SWIFT_EMIT_LOC_STRINGS = NO;
				SWIFT_VERSION = 5.0;
				TARGETED_DEVICE_FAMILY = "1,2";
				TEST_HOST = "$(BUILT_PRODUCTS_DIR)/WeatherApp.app/$(BUNDLE_EXECUTABLE_FOLDER_PATH)/WeatherApp";
			};
			name = Release;
		};
/* End XCBuildConfiguration section */

/* Begin XCConfigurationList section */
		749743912AB8D275007DBFC7 /* Build configuration list for PBXProject "WeatherApp" */ = {
			isa = XCConfigurationList;
			buildConfigurations = (
				749743BE2AB8D278007DBFC7 /* Debug */,
				749743BF2AB8D278007DBFC7 /* Release */,
			);
			defaultConfigurationIsVisible = 0;
			defaultConfigurationName = Release;
		};
		749743C02AB8D278007DBFC7 /* Build configuration list for PBXNativeTarget "WeatherApp" */ = {
			isa = XCConfigurationList;
			buildConfigurations = (
				749743C12AB8D278007DBFC7 /* Debug */,
				749743C22AB8D278007DBFC7 /* Release */,
			);
			defaultConfigurationIsVisible = 0;
			defaultConfigurationName = Release;
		};
		749743C32AB8D278007DBFC7 /* Build configuration list for PBXNativeTarget "WeatherAppTests" */ = {
			isa = XCConfigurationList;
			buildConfigurations = (
				749743C42AB8D278007DBFC7 /* Debug */,
				749743C52AB8D278007DBFC7 /* Release */,
			);
			defaultConfigurationIsVisible = 0;
			defaultConfigurationName = Release;
		};
/* End XCConfigurationList section */
	};
	rootObject = 7497438E2AB8D275007DBFC7 /* Project object */;
}
